<?xml version="1.0" encoding="utf-8"?>
<Project ToolsVersion="4.0" xmlns="http://schemas.microsoft.com/developer/msbuild/2003">
  <ItemGroup>
    <Filter Include="Resource Files">
      <UniqueIdentifier>{67DA6AB6-F800-4c08-8B7A-83BB121AAD01}</UniqueIdentifier>
      <Extensions>rc;ico;cur;bmp;dlg;rc2;rct;bin;rgs;gif;jpg;jpeg;jpe;resx;tiff;tif;png;wav;mfcribbon-ms</Extensions>
    </Filter>
    <Filter Include="Tools">
      <UniqueIdentifier>{6d88e8ed-fb73-41fa-929c-cce7a7994b3f}</UniqueIdentifier>
    </Filter>
  </ItemGroup>
  <ItemGroup>
    <None Include="ReadMe.txt" />
  </ItemGroup>
  <ItemGroup>
    <ClCompile Include="Template_Projects.cpp" />
    <ClCompile Include="testing_tools\MemoryTracker.cpp">
      <Filter>Tools</Filter>
    </ClCompile>
    <ClCompile Include="testing_tools\StopWatch.cpp">
      <Filter>Tools</Filter>
    </ClCompile>
    <ClCompile Include="testing_tools\TestSuite.cpp">
      <Filter>Tools</Filter>
    </ClCompile>
    <ClCompile Include="containers\TresTree.cpp" />
  </ItemGroup>
  <ItemGroup>
    <ClInclude Include="UnitTesting.h" />
    <ClInclude Include="testing_tools\MemoryTracker.h">
      <Filter>Tools</Filter>
    </ClInclude>
    <ClInclude Include="testing_tools\StopWatch.h">
      <Filter>Tools</Filter>
    </ClInclude>
    <ClInclude Include="testing_tools\TestSuite.h">
      <Filter>Tools</Filter>
    </ClInclude>
    <ClInclude Include="designs\abstract_factory.h" />
    <ClInclude Include="containers\BSTree.h" />
    <ClInclude Include="containers\DoublylinkedList.h" />
    <ClInclude Include="containers\LinkedList.h" />
    <ClInclude Include="containers\PriorityQueue.h" />
    <ClInclude Include="containers\Treap.h" />
    <ClInclude Include="containers\TreapTree.h" />
    <ClInclude Include="containers\TresTree.h" />
    <ClInclude Include="containers\compare_function.h" />
  </ItemGroup>
</Project>